
Microsoft Visual Studio Solution File, Format Version 12.00
# Visual Studio 15
VisualStudioVersion = 15.0.34112.143
MinimumVisualStudioVersion = 10.0.40219.1
Project("{FAE04EC0-301F-11D3-BF4B-00C04F79EFBC}") = "pjt_interdisciplinar01", "pjt_interdisciplinar01\pjt_interdisciplinar01.csproj", "{D41D2239-4930-417C-8949-417E3F0A116D}"
EndProject
Global
	GlobalSection(SolutionConfigurationPlatforms) = preSolution
		Debug|Any CPU = Debug|Any CPU
		Release|Any CPU = Release|Any CPU
	EndGlobalSection
	GlobalSection(ProjectConfigurationPlatforms) = postSolution
		{D41D2239-4930-417C-8949-417E3F0A116D}.Debug|Any CPU.ActiveCfg = Debug|Any CPU
		{D41D2239-4930-417C-8949-417E3F0A116D}.Debug|Any CPU.Build.0 = Debug|Any CPU
		{D41D2239-4930-417C-8949-417E3F0A116D}.Release|Any CPU.ActiveCfg = Release|Any CPU
		{D41D2239-4930-417C-8949-417E3F0A116D}.Release|Any CPU.Build.0 = Release|Any CPU
	EndGlobalSection
	GlobalSection(SolutionProperties) = preSolution
		HideSolutionNode = FALSE
	EndGlobalSection
	GlobalSection(ExtensibilityGlobals) = postSolution
		SolutionGuid = {E026F3B7-75A4-491B-9ABB-80EB4D8B9935}
	EndGlobalSection
EndGlobal
